{
  "lockfileVersion": 1,
  "configVersion": 1,
  "workspaces": {
    "": {
      "name": "bsv-skills",
      "dependencies": {
        "@bopen-io/templates": "^1.1.4",
        "@bsv/sdk": "^1.0.0",
        "bitcoin-backup": "latest",
        "bmap-api-types": "latest",
      },
      "devDependencies": {
        "@types/node": "latest",
        "typescript": "latest",
      },
    },
  },
  "packages": {
    "@bopen-io/templates": ["@bopen-io/templates@1.1.4", "", { "dependencies": { "@bsv/sdk": "^1.9.31" } }, "sha512-15kTW6+p8asgP8U4MA3XvLxBzEgypjHsyaHQo11pDpPg7v80xSazIuSr7j6fZiA+fMPs8tTun0fRm0QdguiGiA=="],

    "@bsv/sdk": ["@bsv/sdk@1.9.31", "", {}, "sha512-iPXwZGCe1JJhG8zUmyqdmipeWw5qFTfIa2yKSp4DrrWZlWcK2cyA8XY0zHOH0QkSB6zMi/aidJ1ZCOy8kBoGMQ=="],

    "@types/node": ["@types/node@25.0.3", "", { "dependencies": { "undici-types": "~7.16.0" } }, "sha512-W609buLVRVmeW693xKfzHeIV6nJGGz98uCPfeXI1ELMLXVeKYZ9m15fAMSaUPBHYLGFsVRcMmSCksQOrZV9BYA=="],

    "bitcoin-backup": ["bitcoin-backup@0.0.5", "", { "dependencies": { "commander": "^14.0.2" }, "peerDependencies": { "@bsv/sdk": "^1.5.2" }, "bin": { "bbackup": "dist/cli/bbackup.js" } }, "sha512-pxFQaiDFaFZLxzGEYX1AmGcyPp85WZzOe9F83Bkt35l7TptRaITMDjDZDQQFhWMD616Vw800bDDlwKcvHfkg0g=="],

    "bmap-api-types": ["bmap-api-types@0.0.9", "", {}, "sha512-roR00JPdrRqjUvGjxc2raHKIhh2bVdvDgpO4pkmQ1UMgoqQYEVZdeUKO5ilwwA9owjP2MTfIw32wKR9Ro2lh7A=="],

    "commander": ["commander@14.0.2", "", {}, "sha512-TywoWNNRbhoD0BXs1P3ZEScW8W5iKrnbithIl0YH+uCmBd0QpPOA8yc82DS3BIE5Ma6FnBVUsJ7wVUDz4dvOWQ=="],

    "typescript": ["typescript@5.9.3", "", { "bin": { "tsc": "bin/tsc", "tsserver": "bin/tsserver" } }, "sha512-jl1vZzPDinLr9eUt3J/t7V6FgNEw9QjvBPdysz9KfQDD41fQrC2Y4vKQdiaUpFT4bXlb1RHhLpp8wtm6M5TgSw=="],

    "undici-types": ["undici-types@7.16.0", "", {}, "sha512-Zz+aZWSj8LE6zoxD+xrjh4VfkIG8Ya6LvYkZqtUQGJPZjYl53ypCaUwWqo7eI0x66KBGeRo+mlBEkMSeSZ38Nw=="],
  }
}
