{
  "lockfileVersion": 1,
  "configVersion": 1,
  "workspaces": {
    "": {
      "name": "bsv-skills",
      "dependencies": {
        "@1sat/templates": "latest",
        "@bsv/sdk": "^1.0.0",
        "bitcoin-backup": "latest",
        "bmap-api-types": "latest",
        "sigma-protocol": "^0.1.9",
      },
      "devDependencies": {
        "@types/node": "latest",
        "typescript": "latest",
      },
    },
  },
  "packages": {
    "@1sat/templates": ["@1sat/templates@0.0.2", "", { "dependencies": { "@1sat/types": "0.0.13" }, "peerDependencies": { "@bsv/sdk": "^2.0.4", "sigma-protocol": "^0.1.9" }, "optionalPeers": ["sigma-protocol"] }, "sha512-bK7pPHmYxtjrlayLfXHng5vRPh6PkRI44gUh/xOMX+/30vREfVjvVhwtzCbvsiWxf56AHMrntFmOcE9ExHtvVg=="],

    "@1sat/types": ["@1sat/types@0.0.13", "", { "peerDependencies": { "@bsv/sdk": "^2.0.4" } }, "sha512-MFL8ihulTRzQy4uZ5WrTegB0ktdqCiqGcmkJja2x5KaGXLG0T0PTNmS22gLaru4fFQpn4UsItB+MlySjDDxk8Q=="],

    "@bsv/sdk": ["@bsv/sdk@1.9.31", "", {}, "sha512-iPXwZGCe1JJhG8zUmyqdmipeWw5qFTfIa2yKSp4DrrWZlWcK2cyA8XY0zHOH0QkSB6zMi/aidJ1ZCOy8kBoGMQ=="],

    "@types/node": ["@types/node@25.0.3", "", { "dependencies": { "undici-types": "~7.16.0" } }, "sha512-W609buLVRVmeW693xKfzHeIV6nJGGz98uCPfeXI1ELMLXVeKYZ9m15fAMSaUPBHYLGFsVRcMmSCksQOrZV9BYA=="],

    "bitcoin-backup": ["bitcoin-backup@0.0.5", "", { "dependencies": { "commander": "^14.0.2" }, "peerDependencies": { "@bsv/sdk": "^1.5.2" }, "bin": { "bbackup": "dist/cli/bbackup.js" } }, "sha512-pxFQaiDFaFZLxzGEYX1AmGcyPp85WZzOe9F83Bkt35l7TptRaITMDjDZDQQFhWMD616Vw800bDDlwKcvHfkg0g=="],

    "bmap-api-types": ["bmap-api-types@0.0.9", "", {}, "sha512-roR00JPdrRqjUvGjxc2raHKIhh2bVdvDgpO4pkmQ1UMgoqQYEVZdeUKO5ilwwA9owjP2MTfIw32wKR9Ro2lh7A=="],

    "commander": ["commander@14.0.2", "", {}, "sha512-TywoWNNRbhoD0BXs1P3ZEScW8W5iKrnbithIl0YH+uCmBd0QpPOA8yc82DS3BIE5Ma6FnBVUsJ7wVUDz4dvOWQ=="],

    "sigma-protocol": ["sigma-protocol@0.1.9", "", { "peerDependencies": { "@bsv/sdk": "^2.0.1" } }, "sha512-jHn44KbqhbAvYLY2efKG0cGgb2q9hkXbddEJ7ZusqXIvD5lWMs6bro5mRhdOSrhI/kp4rEbvdZxDy99N8YsPKw=="],

    "typescript": ["typescript@5.9.3", "", { "bin": { "tsc": "bin/tsc", "tsserver": "bin/tsserver" } }, "sha512-jl1vZzPDinLr9eUt3J/t7V6FgNEw9QjvBPdysz9KfQDD41fQrC2Y4vKQdiaUpFT4bXlb1RHhLpp8wtm6M5TgSw=="],

    "undici-types": ["undici-types@7.16.0", "", {}, "sha512-Zz+aZWSj8LE6zoxD+xrjh4VfkIG8Ya6LvYkZqtUQGJPZjYl53ypCaUwWqo7eI0x66KBGeRo+mlBEkMSeSZ38Nw=="],
  }
}
